{
  "name": "course-builder-backend",
  "lockfileVersion": 3,
  "requires": true,
  "packages": {
    "": {
      "dependencies": {
        "isodate": "^0.1.4"
      }
    },
    "node_modules/isodate": {
      "version": "0.1.4",
      "resolved": "https://registry.npmjs.org/isodate/-/isodate-0.1.4.tgz",
      "integrity": "sha512-x+k+rE/TIrSjvZZC22vxOBkus8psZwPyry1fpbO86p+0VxTAIpc4dhEc0U+DKPYnoGujOUXgIHXOyBgXTB1TIg==",
      "engines": {
        "node": "*"
      }
    }
  }
}
